
Microsoft Visual Studio Solution File, Format Version 10.00
# Visual Studio 2008
Project("{8BC9CEB8-8B4A-11D0-8D11-00A0C91BC942}") = "FlacLameFE", "FlacLameFE.vcproj", "{440FF0FE-8449-40B8-A036-391E40D47136}"
EndProject
Global
	GlobalSection(SolutionConfigurationPlatforms) = preSolution
		Debug|Win32 = Debug|Win32
		Release|Win32 = Release|Win32
	EndGlobalSection
	GlobalSection(ProjectConfigurationPlatforms) = postSolution
		{440FF0FE-8449-40B8-A036-391E40D47136}.Debug|Win32.ActiveCfg = Debug|Win32
		{440FF0FE-8449-40B8-A036-391E40D47136}.Debug|Win32.Build.0 = Debug|Win32
		{440FF0FE-8449-40B8-A036-391E40D47136}.Release|Win32.ActiveCfg = Release|Win32
		{440FF0FE-8449-40B8-A036-391E40D47136}.Release|Win32.Build.0 = Release|Win32
	EndGlobalSection
	GlobalSection(SolutionProperties) = preSolution
		HideSolutionNode = FALSE
	EndGlobalSection
EndGlobal
