<?xml version="1.0" encoding="utf-8"?>
<Project ToolsVersion="4.0" xmlns="http://schemas.microsoft.com/developer/msbuild/2003">
  <ItemGroup>
    <Filter Include="Resource Files">
      <UniqueIdentifier>{67DA6AB6-F800-4c08-8B7A-83BB121AAD01}</UniqueIdentifier>
      <Extensions>rc;ico;cur;bmp;dlg;rc2;rct;bin;rgs;gif;jpg;jpeg;jpe;resx;tiff;tif;png;wav;mfcribbon-ms</Extensions>
    </Filter>
    <Filter Include="src">
      <UniqueIdentifier>{4FC737F1-C7A5-4376-A066-2A32D752A2FF}</UniqueIdentifier>
      <Extensions>cpp;c;cc;cxx;def;odl;idl;hpj;bat;asm;asmx</Extensions>
    </Filter>
    <Filter Include="wolf">
      <UniqueIdentifier>{91024b98-2e71-4a55-bce4-83be899ae955}</UniqueIdentifier>
    </Filter>
  </ItemGroup>
  <ItemGroup>
    <ClInclude Include="res\resource.h">
      <Filter>Resource Files</Filter>
    </ClInclude>
    <ClInclude Include="src\Convert.h">
      <Filter>src</Filter>
    </ClInclude>
    <ClInclude Include="wolf\Font.h">
      <Filter>wolf</Filter>
    </ClInclude>
    <ClInclude Include="wolf\Icon.h">
      <Filter>wolf</Filter>
    </ClInclude>
    <ClInclude Include="wolf\InternetDownload.h">
      <Filter>wolf</Filter>
    </ClInclude>
    <ClInclude Include="wolf\InternetSession.h">
      <Filter>wolf</Filter>
    </ClInclude>
    <ClInclude Include="wolf\InternetUrl.h">
      <Filter>wolf</Filter>
    </ClInclude>
    <ClInclude Include="wolf\ListView.h">
      <Filter>wolf</Filter>
    </ClInclude>
    <ClInclude Include="wolf\Menu.h">
      <Filter>wolf</Filter>
    </ClInclude>
    <ClInclude Include="wolf\ProgressBar.h">
      <Filter>wolf</Filter>
    </ClInclude>
    <ClInclude Include="wolf\RadioButton.h">
      <Filter>wolf</Filter>
    </ClInclude>
    <ClInclude Include="wolf\Resizer.h">
      <Filter>wolf</Filter>
    </ClInclude>
    <ClInclude Include="wolf\StatusBar.h">
      <Filter>wolf</Filter>
    </ClInclude>
    <ClInclude Include="wolf\Str.h">
      <Filter>wolf</Filter>
    </ClInclude>
    <ClInclude Include="wolf\Sys.h">
      <Filter>wolf</Filter>
    </ClInclude>
    <ClInclude Include="wolf\Window.h">
      <Filter>wolf</Filter>
    </ClInclude>
    <ClInclude Include="wolf\WindowControl.h">
      <Filter>wolf</Filter>
    </ClInclude>
    <ClInclude Include="wolf\WindowDialogTemplate.h">
      <Filter>wolf</Filter>
    </ClInclude>
    <ClInclude Include="wolf\WindowGuiThread.h">
      <Filter>wolf</Filter>
    </ClInclude>
    <ClInclude Include="wolf\WindowMain.h">
      <Filter>wolf</Filter>
    </ClInclude>
    <ClInclude Include="wolf\WindowModal.h">
      <Filter>wolf</Filter>
    </ClInclude>
    <ClInclude Include="wolf\WindowMsgHandler.h">
      <Filter>wolf</Filter>
    </ClInclude>
    <ClInclude Include="wolf\WindowParent.h">
      <Filter>wolf</Filter>
    </ClInclude>
    <ClInclude Include="wolf\WindowProc.h">
      <Filter>wolf</Filter>
    </ClInclude>
    <ClInclude Include="wolf\WindowSubclass.h">
      <Filter>wolf</Filter>
    </ClInclude>
    <ClInclude Include="wolf\WindowTopLevel.h">
      <Filter>wolf</Filter>
    </ClInclude>
    <ClInclude Include="wolf\wolf.h">
      <Filter>wolf</Filter>
    </ClInclude>
    <ClInclude Include="wolf\Xml.h">
      <Filter>wolf</Filter>
    </ClInclude>
    <ClInclude Include="wolf\CheckBox.h">
      <Filter>wolf</Filter>
    </ClInclude>
    <ClInclude Include="wolf\ComboBox.h">
      <Filter>wolf</Filter>
    </ClInclude>
    <ClInclude Include="wolf\DateTime.h">
      <Filter>wolf</Filter>
    </ClInclude>
    <ClInclude Include="wolf\File.h">
      <Filter>wolf</Filter>
    </ClInclude>
    <ClInclude Include="wolf\FileIni.h">
      <Filter>wolf</Filter>
    </ClInclude>
    <ClInclude Include="wolf\FileMap.h">
      <Filter>wolf</Filter>
    </ClInclude>
    <ClInclude Include="src\WndMain.h">
      <Filter>src</Filter>
    </ClInclude>
    <ClInclude Include="src\WndRunnin.h">
      <Filter>src</Filter>
    </ClInclude>
    <ClInclude Include="wolf\TaskBarProgress.h">
      <Filter>wolf</Filter>
    </ClInclude>
  </ItemGroup>
  <ItemGroup>
    <Image Include="res\Ron Burgundy.ico">
      <Filter>Resource Files</Filter>
    </Image>
  </ItemGroup>
  <ItemGroup>
    <ResourceCompile Include="res\FlacLameFE.rc">
      <Filter>Resource Files</Filter>
    </ResourceCompile>
  </ItemGroup>
  <ItemGroup>
    <ClCompile Include="src\Convert.cpp">
      <Filter>src</Filter>
    </ClCompile>
    <ClCompile Include="wolf\CheckBox.cpp">
      <Filter>wolf</Filter>
    </ClCompile>
    <ClCompile Include="wolf\ComboBox.cpp">
      <Filter>wolf</Filter>
    </ClCompile>
    <ClCompile Include="wolf\DateTime.cpp">
      <Filter>wolf</Filter>
    </ClCompile>
    <ClCompile Include="wolf\File.cpp">
      <Filter>wolf</Filter>
    </ClCompile>
    <ClCompile Include="wolf\FileIni.cpp">
      <Filter>wolf</Filter>
    </ClCompile>
    <ClCompile Include="wolf\FileMap.cpp">
      <Filter>wolf</Filter>
    </ClCompile>
    <ClCompile Include="wolf\Font.cpp">
      <Filter>wolf</Filter>
    </ClCompile>
    <ClCompile Include="wolf\Icon.cpp">
      <Filter>wolf</Filter>
    </ClCompile>
    <ClCompile Include="wolf\InternetDownload.cpp">
      <Filter>wolf</Filter>
    </ClCompile>
    <ClCompile Include="wolf\InternetSession.cpp">
      <Filter>wolf</Filter>
    </ClCompile>
    <ClCompile Include="wolf\InternetUrl.cpp">
      <Filter>wolf</Filter>
    </ClCompile>
    <ClCompile Include="wolf\ListView.cpp">
      <Filter>wolf</Filter>
    </ClCompile>
    <ClCompile Include="wolf\Menu.cpp">
      <Filter>wolf</Filter>
    </ClCompile>
    <ClCompile Include="wolf\ProgressBar.cpp">
      <Filter>wolf</Filter>
    </ClCompile>
    <ClCompile Include="wolf\RadioButton.cpp">
      <Filter>wolf</Filter>
    </ClCompile>
    <ClCompile Include="wolf\Resizer.cpp">
      <Filter>wolf</Filter>
    </ClCompile>
    <ClCompile Include="wolf\StatusBar.cpp">
      <Filter>wolf</Filter>
    </ClCompile>
    <ClCompile Include="wolf\Str.cpp">
      <Filter>wolf</Filter>
    </ClCompile>
    <ClCompile Include="wolf\Sys.cpp">
      <Filter>wolf</Filter>
    </ClCompile>
    <ClCompile Include="wolf\Window.cpp">
      <Filter>wolf</Filter>
    </ClCompile>
    <ClCompile Include="wolf\WindowControl.cpp">
      <Filter>wolf</Filter>
    </ClCompile>
    <ClCompile Include="wolf\WindowDialogTemplate.cpp">
      <Filter>wolf</Filter>
    </ClCompile>
    <ClCompile Include="wolf\WindowMain.cpp">
      <Filter>wolf</Filter>
    </ClCompile>
    <ClCompile Include="wolf\WindowModal.cpp">
      <Filter>wolf</Filter>
    </ClCompile>
    <ClCompile Include="wolf\WindowParent.cpp">
      <Filter>wolf</Filter>
    </ClCompile>
    <ClCompile Include="wolf\WindowProc.cpp">
      <Filter>wolf</Filter>
    </ClCompile>
    <ClCompile Include="wolf\WindowSubclass.cpp">
      <Filter>wolf</Filter>
    </ClCompile>
    <ClCompile Include="wolf\WindowTopLevel.cpp">
      <Filter>wolf</Filter>
    </ClCompile>
    <ClCompile Include="wolf\Xml.cpp">
      <Filter>wolf</Filter>
    </ClCompile>
    <ClCompile Include="src\WndMain.cpp">
      <Filter>src</Filter>
    </ClCompile>
    <ClCompile Include="src\WndRunnin.cpp">
      <Filter>src</Filter>
    </ClCompile>
    <ClCompile Include="wolf\TaskBarProgress.cpp">
      <Filter>wolf</Filter>
    </ClCompile>
  </ItemGroup>
</Project>