<?xml version="1.0" encoding="utf-8"?>
<Project ToolsVersion="4.0" xmlns="http://schemas.microsoft.com/developer/msbuild/2003">
  <ItemGroup>
    <Filter Include="Resource Files">
      <UniqueIdentifier>{67DA6AB6-F800-4c08-8B7A-83BB121AAD01}</UniqueIdentifier>
      <Extensions>rc;ico;cur;bmp;dlg;rc2;rct;bin;rgs;gif;jpg;jpeg;jpe;resx;tiff;tif;png;wav;mfcribbon-ms</Extensions>
    </Filter>
    <Filter Include="src">
      <UniqueIdentifier>{4FC737F1-C7A5-4376-A066-2A32D752A2FF}</UniqueIdentifier>
      <Extensions>cpp;c;cc;cxx;def;odl;idl;hpj;bat;asm;asmx</Extensions>
    </Filter>
    <Filter Include="winlamb">
      <UniqueIdentifier>{b47e950b-7871-4b52-93c1-a1e52695f34d}</UniqueIdentifier>
    </Filter>
    <Filter Include="winutil">
      <UniqueIdentifier>{ebd59609-2a8a-4879-959d-369912e1ea40}</UniqueIdentifier>
    </Filter>
  </ItemGroup>
  <ItemGroup>
    <ClInclude Include="res\resource.h">
      <Filter>Resource Files</Filter>
    </ClInclude>
    <ClInclude Include="winutil\file_map.h">
      <Filter>winutil</Filter>
    </ClInclude>
    <ClInclude Include="winutil\file_text.h">
      <Filter>winutil</Filter>
    </ClInclude>
    <ClInclude Include="winutil\icon.h">
      <Filter>winutil</Filter>
    </ClInclude>
    <ClInclude Include="winutil\internet.h">
      <Filter>winutil</Filter>
    </ClInclude>
    <ClInclude Include="winutil\label.h">
      <Filter>winutil</Filter>
    </ClInclude>
    <ClInclude Include="winutil\listview.h">
      <Filter>winutil</Filter>
    </ClInclude>
    <ClInclude Include="winutil\menu.h">
      <Filter>winutil</Filter>
    </ClInclude>
    <ClInclude Include="winutil\menu_recent.h">
      <Filter>winutil</Filter>
    </ClInclude>
    <ClInclude Include="winutil\path.h">
      <Filter>winutil</Filter>
    </ClInclude>
    <ClInclude Include="winutil\progressbar.h">
      <Filter>winutil</Filter>
    </ClInclude>
    <ClInclude Include="winutil\resizer.h">
      <Filter>winutil</Filter>
    </ClInclude>
    <ClInclude Include="winutil\statusbar.h">
      <Filter>winutil</Filter>
    </ClInclude>
    <ClInclude Include="winutil\str.h">
      <Filter>winutil</Filter>
    </ClInclude>
    <ClInclude Include="winutil\sys.h">
      <Filter>winutil</Filter>
    </ClInclude>
    <ClInclude Include="winutil\taskbar_progress.h">
      <Filter>winutil</Filter>
    </ClInclude>
    <ClInclude Include="winutil\textbox.h">
      <Filter>winutil</Filter>
    </ClInclude>
    <ClInclude Include="winutil\xml.h">
      <Filter>winutil</Filter>
    </ClInclude>
    <ClInclude Include="winutil\checkbox.h">
      <Filter>winutil</Filter>
    </ClInclude>
    <ClInclude Include="winutil\combobox.h">
      <Filter>winutil</Filter>
    </ClInclude>
    <ClInclude Include="winutil\datetime.h">
      <Filter>winutil</Filter>
    </ClInclude>
    <ClInclude Include="winutil\file.h">
      <Filter>winutil</Filter>
    </ClInclude>
    <ClInclude Include="winutil\file_ini.h">
      <Filter>winutil</Filter>
    </ClInclude>
    <ClInclude Include="src\dlg_main.h">
      <Filter>src</Filter>
    </ClInclude>
    <ClInclude Include="src\dlg_runnin.h">
      <Filter>src</Filter>
    </ClInclude>
    <ClInclude Include="src\convert.h">
      <Filter>src</Filter>
    </ClInclude>
    <ClInclude Include="winutil\com_ptr.h">
      <Filter>winutil</Filter>
    </ClInclude>
    <ClInclude Include="winlamb\dialog_modal.h">
      <Filter>winlamb</Filter>
    </ClInclude>
    <ClInclude Include="winlamb\font.h">
      <Filter>winlamb</Filter>
    </ClInclude>
    <ClInclude Include="winlamb\msg_char.h">
      <Filter>winlamb</Filter>
    </ClInclude>
    <ClInclude Include="winlamb\msg_command.h">
      <Filter>winlamb</Filter>
    </ClInclude>
    <ClInclude Include="winlamb\msg_dropfiles.h">
      <Filter>winlamb</Filter>
    </ClInclude>
    <ClInclude Include="winlamb\msg_getdlgcode.h">
      <Filter>winlamb</Filter>
    </ClInclude>
    <ClInclude Include="winlamb\msg_initmenupopup.h">
      <Filter>winlamb</Filter>
    </ClInclude>
    <ClInclude Include="winlamb\msg_keydown.h">
      <Filter>winlamb</Filter>
    </ClInclude>
    <ClInclude Include="winlamb\msg_keyup.h">
      <Filter>winlamb</Filter>
    </ClInclude>
    <ClInclude Include="winlamb\msg_notify.h">
      <Filter>winlamb</Filter>
    </ClInclude>
    <ClInclude Include="winlamb\msg_thread.h">
      <Filter>winlamb</Filter>
    </ClInclude>
    <ClInclude Include="winlamb\run.h">
      <Filter>winlamb</Filter>
    </ClInclude>
    <ClInclude Include="winlamb\traits_dialog.h">
      <Filter>winlamb</Filter>
    </ClInclude>
    <ClInclude Include="winlamb\traits_window.h">
      <Filter>winlamb</Filter>
    </ClInclude>
    <ClInclude Include="winlamb\window.h">
      <Filter>winlamb</Filter>
    </ClInclude>
    <ClInclude Include="winlamb\window_control.h">
      <Filter>winlamb</Filter>
    </ClInclude>
    <ClInclude Include="winlamb\window_main.h">
      <Filter>winlamb</Filter>
    </ClInclude>
    <ClInclude Include="winlamb\wnd.h">
      <Filter>winlamb</Filter>
    </ClInclude>
    <ClInclude Include="winlamb\wnd_proc.h">
      <Filter>winlamb</Filter>
    </ClInclude>
    <ClInclude Include="winlamb\callback_depot.h">
      <Filter>winlamb</Filter>
    </ClInclude>
    <ClInclude Include="winlamb\dialog.h">
      <Filter>winlamb</Filter>
    </ClInclude>
    <ClInclude Include="winlamb\dialog_main.h">
      <Filter>winlamb</Filter>
    </ClInclude>
  </ItemGroup>
  <ItemGroup>
    <Image Include="res\Ron Burgundy.ico">
      <Filter>Resource Files</Filter>
    </Image>
  </ItemGroup>
  <ItemGroup>
    <ResourceCompile Include="res\FlacLameFE.rc">
      <Filter>Resource Files</Filter>
    </ResourceCompile>
  </ItemGroup>
  <ItemGroup>
    <ClCompile Include="winutil\checkbox.cpp">
      <Filter>winutil</Filter>
    </ClCompile>
    <ClCompile Include="winutil\combobox.cpp">
      <Filter>winutil</Filter>
    </ClCompile>
    <ClCompile Include="winutil\datetime.cpp">
      <Filter>winutil</Filter>
    </ClCompile>
    <ClCompile Include="winutil\file.cpp">
      <Filter>winutil</Filter>
    </ClCompile>
    <ClCompile Include="winutil\file_ini.cpp">
      <Filter>winutil</Filter>
    </ClCompile>
    <ClCompile Include="winutil\file_map.cpp">
      <Filter>winutil</Filter>
    </ClCompile>
    <ClCompile Include="winutil\file_text.cpp">
      <Filter>winutil</Filter>
    </ClCompile>
    <ClCompile Include="winutil\icon.cpp">
      <Filter>winutil</Filter>
    </ClCompile>
    <ClCompile Include="winutil\internet.cpp">
      <Filter>winutil</Filter>
    </ClCompile>
    <ClCompile Include="winutil\label.cpp">
      <Filter>winutil</Filter>
    </ClCompile>
    <ClCompile Include="winutil\listview.cpp">
      <Filter>winutil</Filter>
    </ClCompile>
    <ClCompile Include="winutil\menu.cpp">
      <Filter>winutil</Filter>
    </ClCompile>
    <ClCompile Include="winutil\menu_recent.cpp">
      <Filter>winutil</Filter>
    </ClCompile>
    <ClCompile Include="winutil\path.cpp">
      <Filter>winutil</Filter>
    </ClCompile>
    <ClCompile Include="winutil\progressbar.cpp">
      <Filter>winutil</Filter>
    </ClCompile>
    <ClCompile Include="winutil\resizer.cpp">
      <Filter>winutil</Filter>
    </ClCompile>
    <ClCompile Include="winutil\statusbar.cpp">
      <Filter>winutil</Filter>
    </ClCompile>
    <ClCompile Include="winutil\str.cpp">
      <Filter>winutil</Filter>
    </ClCompile>
    <ClCompile Include="winutil\sys.cpp">
      <Filter>winutil</Filter>
    </ClCompile>
    <ClCompile Include="winutil\taskbar_progress.cpp">
      <Filter>winutil</Filter>
    </ClCompile>
    <ClCompile Include="winutil\textbox.cpp">
      <Filter>winutil</Filter>
    </ClCompile>
    <ClCompile Include="winutil\xml.cpp">
      <Filter>winutil</Filter>
    </ClCompile>
    <ClCompile Include="src\dlg_main.cpp">
      <Filter>src</Filter>
    </ClCompile>
    <ClCompile Include="src\dlg_runnin.cpp">
      <Filter>src</Filter>
    </ClCompile>
    <ClCompile Include="src\convert.cpp">
      <Filter>src</Filter>
    </ClCompile>
  </ItemGroup>
</Project>