<?xml version="1.0" encoding="utf-8"?>
<Project ToolsVersion="4.0" xmlns="http://schemas.microsoft.com/developer/msbuild/2003">
  <ItemGroup>
    <Filter Include="Source Files">
      <UniqueIdentifier>{4FC737F1-C7A5-4376-A066-2A32D752A2FF}</UniqueIdentifier>
      <Extensions>cpp;c;cc;cxx;c++;cppm;ixx;def;odl;idl;hpj;bat;asm;asmx</Extensions>
    </Filter>
    <Filter Include="Resource Files">
      <UniqueIdentifier>{67DA6AB6-F800-4c08-8B7A-83BB121AAD01}</UniqueIdentifier>
      <Extensions>rc;ico;cur;bmp;dlg;rc2;rct;bin;rgs;gif;jpg;jpeg;jpe;resx;tiff;tif;png;wav;mfcribbon-ms</Extensions>
    </Filter>
    <Filter Include="WinDlg">
      <UniqueIdentifier>{ddab227d-f4f5-4f44-a069-ba301eda4456}</UniqueIdentifier>
    </Filter>
  </ItemGroup>
  <ItemGroup>
    <Manifest Include="res\win10.exe.manifest">
      <Filter>Resource Files</Filter>
    </Manifest>
  </ItemGroup>
  <ItemGroup>
    <ClInclude Include="res\resource.h">
      <Filter>Resource Files</Filter>
    </ClInclude>
    <ClInclude Include="windlg\com.hpp">
      <Filter>WinDlg</Filter>
    </ClInclude>
    <ClInclude Include="windlg\drop-target.hpp">
      <Filter>WinDlg</Filter>
    </ClInclude>
    <ClInclude Include="windlg\file.hpp">
      <Filter>WinDlg</Filter>
    </ClInclude>
    <ClInclude Include="windlg\lib.hpp">
      <Filter>WinDlg</Filter>
    </ClInclude>
    <ClInclude Include="windlg\string.hpp">
      <Filter>WinDlg</Filter>
    </ClInclude>
    <ClInclude Include="windlg\sys-func.hpp">
      <Filter>WinDlg</Filter>
    </ClInclude>
    <ClInclude Include="windlg\win-error.hpp">
      <Filter>WinDlg</Filter>
    </ClInclude>
    <ClInclude Include="windlg\wnd.hpp">
      <Filter>WinDlg</Filter>
    </ClInclude>
    <ClInclude Include="windlg\wnd-aux.hpp">
      <Filter>WinDlg</Filter>
    </ClInclude>
    <ClInclude Include="windlg\wnd-ctl.hpp">
      <Filter>WinDlg</Filter>
    </ClInclude>
    <ClInclude Include="windlg\wnd-lv.hpp">
      <Filter>WinDlg</Filter>
    </ClInclude>
    <ClInclude Include="src\convert.h">
      <Filter>Source Files</Filter>
    </ClInclude>
    <ClInclude Include="src\dlg_main.h">
      <Filter>Source Files</Filter>
    </ClInclude>
    <ClInclude Include="src\dlg_run.h">
      <Filter>Source Files</Filter>
    </ClInclude>
  </ItemGroup>
  <ItemGroup>
    <ResourceCompile Include="res\flac-lame-frontend.rc">
      <Filter>Resource Files</Filter>
    </ResourceCompile>
  </ItemGroup>
  <ItemGroup>
    <ClCompile Include="windlg\file.cpp">
      <Filter>WinDlg</Filter>
    </ClCompile>
    <ClCompile Include="windlg\string.cpp">
      <Filter>WinDlg</Filter>
    </ClCompile>
    <ClCompile Include="windlg\sys-func.cpp">
      <Filter>WinDlg</Filter>
    </ClCompile>
    <ClCompile Include="windlg\win-error.cpp">
      <Filter>WinDlg</Filter>
    </ClCompile>
    <ClCompile Include="windlg\wnd.cpp">
      <Filter>WinDlg</Filter>
    </ClCompile>
    <ClCompile Include="windlg\wnd-aux.cpp">
      <Filter>WinDlg</Filter>
    </ClCompile>
    <ClCompile Include="windlg\wnd-ctl.cpp">
      <Filter>WinDlg</Filter>
    </ClCompile>
    <ClCompile Include="windlg\wnd-lv.cpp">
      <Filter>WinDlg</Filter>
    </ClCompile>
    <ClCompile Include="windlg\drop-target.cpp">
      <Filter>WinDlg</Filter>
    </ClCompile>
    <ClCompile Include="src\convert.cpp">
      <Filter>Source Files</Filter>
    </ClCompile>
    <ClCompile Include="src\dlg_main_ev.cpp">
      <Filter>Source Files</Filter>
    </ClCompile>
    <ClCompile Include="src\dlg_main_fun.cpp">
      <Filter>Source Files</Filter>
    </ClCompile>
    <ClCompile Include="src\dlg_run_ev.cpp">
      <Filter>Source Files</Filter>
    </ClCompile>
  </ItemGroup>
  <ItemGroup>
    <Image Include="res\Ron Burgundy.ico">
      <Filter>Resource Files</Filter>
    </Image>
  </ItemGroup>
  <ItemGroup>
    <Natvis Include="windlg\windlg.natvis">
      <Filter>WinDlg</Filter>
    </Natvis>
  </ItemGroup>
</Project>